{
    "packages": [
        {
            "name": "vendor1/package11",
            "type": "then-package"
        },
        {
            "name": "vendor1/package12",
            "type": "library"
        },
        {
            "name": "vendor1/package13",
            "type": "then-package"
        },
        {
            "name": "vendor2/package21",
            "type": "then-package"
        }
    ]
}
